
Microsoft Visual Studio Solution File, Format Version 12.00
# Visual Studio 2013
VisualStudioVersion = 12.0.21005.1
MinimumVisualStudioVersion = 10.0.40219.1
Project("{FAE04EC0-301F-11D3-BF4B-00C04F79EFBC}") = "Roadkill.ExamplePlugins", "Roadkill.ExamplePlugins\Roadkill.ExamplePlugins.csproj", "{AA6F2318-687F-4BE4-A0FC-6A7B850A39DA}"
EndProject
Global
	GlobalSection(SolutionConfigurationPlatforms) = preSolution
		Debug|Any CPU = Debug|Any CPU
		Release|Any CPU = Release|Any CPU
	EndGlobalSection
	GlobalSection(ProjectConfigurationPlatforms) = postSolution
		{AA6F2318-687F-4BE4-A0FC-6A7B850A39DA}.Debug|Any CPU.ActiveCfg = Debug|Any CPU
		{AA6F2318-687F-4BE4-A0FC-6A7B850A39DA}.Debug|Any CPU.Build.0 = Debug|Any CPU
		{AA6F2318-687F-4BE4-A0FC-6A7B850A39DA}.Release|Any CPU.ActiveCfg = Release|Any CPU
		{AA6F2318-687F-4BE4-A0FC-6A7B850A39DA}.Release|Any CPU.Build.0 = Release|Any CPU
	EndGlobalSection
	GlobalSection(SolutionProperties) = preSolution
		HideSolutionNode = FALSE
	EndGlobalSection
EndGlobal
